// !$*UTF8*$!
{
	archiveVersion = 1;
	classes = {
	};
	objectVersion = 46;
	objects = {

/* Begin PBXBuildFile section */
		11EBCA111F0250BE0040D7B2 /* main.m in Sources */ = {isa = PBXBuildFile; fileRef = 11EBCA101F0250BE0040D7B2 /* main.m */; };
		11EBCA141F0250BE0040D7B2 /* AppDelegate.m in Sources */ = {isa = PBXBuildFile; fileRef = 11EBCA131F0250BE0040D7B2 /* AppDelegate.m */; };
		11EBCA171F0250BE0040D7B2 /* ViewController.m in Sources */ = {isa = PBXBuildFile; fileRef = 11EBCA161F0250BE0040D7B2 /* ViewController.m */; };
		11EBCA1C1F0250BE0040D7B2 /* Assets.xcassets in Resources */ = {isa = PBXBuildFile; fileRef = 11EBCA1B1F0250BE0040D7B2 /* Assets.xcassets */; };
		F2D487BE2A698BF5565FAF86 /* Pods_LinKon2.framework in Frameworks */ = {isa = PBXBuildFile; fileRef = 5672C2596D098B838F49E23F /* Pods_LinKon2.framework */; };
/* End PBXBuildFile section */

/* Begin PBXFileReference section */
		11EBCA0C1F0250BE0040D7B2 /* LinKon2.app */ = {isa = PBXFileReference; explicitFileType = wrapper.application; includeInIndex = 0; path = LinKon2.app; sourceTree = BUILT_PRODUCTS_DIR; };
		11EBCA101F0250BE0040D7B2 /* main.m */ = {isa = PBXFileReference; lastKnownFileType = sourcecode.c.objc; path = main.m; sourceTree = "<group>"; };
		11EBCA121F0250BE0040D7B2 /* AppDelegate.h */ = {isa = PBXFileReference; lastKnownFileType = sourcecode.c.h; path = AppDelegate.h; sourceTree = "<group>"; };
		11EBCA131F0250BE0040D7B2 /* AppDelegate.m */ = {isa = PBXFileReference; lastKnownFileType = sourcecode.c.objc; path = AppDelegate.m; sourceTree = "<group>"; };
		11EBCA151F0250BE0040D7B2 /* ViewController.h */ = {isa = PBXFileReference; lastKnownFileType = sourcecode.c.h; path = ViewController.h; sourceTree = "<group>"; };
		11EBCA161F0250BE0040D7B2 /* ViewController.m */ = {isa = PBXFileReference; lastKnownFileType = sourcecode.c.objc; path = ViewController.m; sourceTree = "<group>"; };
		11EBCA1B1F0250BE0040D7B2 /* Assets.xcassets */ = {isa = PBXFileReference; lastKnownFileType = folder.assetcatalog; path = Assets.xcassets; sourceTree = "<group>"; };
		11EBCA201F0250BE0040D7B2 /* Info.plist */ = {isa = PBXFileReference; lastKnownFileType = text.plist.xml; path = Info.plist; sourceTree = "<group>"; };
		11EBCA261F0251390040D7B2 /* LinKon2_Prefix.pch */ = {isa = PBXFileReference; lastKnownFileType = sourcecode.c.h; path = LinKon2_Prefix.pch; sourceTree = "<group>"; };
		34854D82FC05D7210238F1A2 /* Pods-LinKon2.debug.xcconfig */ = {isa = PBXFileReference; includeInIndex = 1; lastKnownFileType = text.xcconfig; name = "Pods-LinKon2.debug.xcconfig"; path = "Pods/Target Support Files/Pods-LinKon2/Pods-LinKon2.debug.xcconfig"; sourceTree = "<group>"; };
		5672C2596D098B838F49E23F /* Pods_LinKon2.framework */ = {isa = PBXFileReference; explicitFileType = wrapper.framework; includeInIndex = 0; path = Pods_LinKon2.framework; sourceTree = BUILT_PRODUCTS_DIR; };
		B2FCF458C240680730B1CF97 /* Pods-LinKon2.release.xcconfig */ = {isa = PBXFileReference; includeInIndex = 1; lastKnownFileType = text.xcconfig; name = "Pods-LinKon2.release.xcconfig"; path = "Pods/Target Support Files/Pods-LinKon2/Pods-LinKon2.release.xcconfig"; sourceTree = "<group>"; };
/* End PBXFileReference section */

/* Begin PBXFrameworksBuildPhase section */
		11EBCA091F0250BE0040D7B2 /* Frameworks */ = {
			isa = PBXFrameworksBuildPhase;
			buildActionMask = 2147483647;
			files = (
				F2D487BE2A698BF5565FAF86 /* Pods_LinKon2.framework in Frameworks */,
			);
			runOnlyForDeploymentPostprocessing = 0;
		};
/* End PBXFrameworksBuildPhase section */

/* Begin PBXGroup section */
		11EBCA031F0250BE0040D7B2 = {
			isa = PBXGroup;
			children = (
				11EBCA0E1F0250BE0040D7B2 /* LinKon2 */,
				11EBCA0D1F0250BE0040D7B2 /* Products */,
				E25A0965C6C54F9A43E94E3F /* Pods */,
				AE94F3A34AD74A6E06B9C836 /* Frameworks */,
			);
			sourceTree = "<group>";
		};
		11EBCA0D1F0250BE0040D7B2 /* Products */ = {
			isa = PBXGroup;
			children = (
				11EBCA0C1F0250BE0040D7B2 /* LinKon2.app */,
			);
			name = Products;
			sourceTree = "<group>";
		};
		11EBCA0E1F0250BE0040D7B2 /* LinKon2 */ = {
			isa = PBXGroup;
			children = (
				11EBCA121F0250BE0040D7B2 /* AppDelegate.h */,
				11EBCA131F0250BE0040D7B2 /* AppDelegate.m */,
				11EBCA151F0250BE0040D7B2 /* ViewController.h */,
				11EBCA161F0250BE0040D7B2 /* ViewController.m */,
				11EBCA1B1F0250BE0040D7B2 /* Assets.xcassets */,
				11EBCA201F0250BE0040D7B2 /* Info.plist */,
				11EBCA0F1F0250BE0040D7B2 /* Supporting Files */,
			);
			path = LinKon2;
			sourceTree = "<group>";
		};
		11EBCA0F1F0250BE0040D7B2 /* Supporting Files */ = {
			isa = PBXGroup;
			children = (
				11EBCA101F0250BE0040D7B2 /* main.m */,
				11EBCA261F0251390040D7B2 /* LinKon2_Prefix.pch */,
			);
			name = "Supporting Files";
			sourceTree = "<group>";
		};
		AE94F3A34AD74A6E06B9C836 /* Frameworks */ = {
			isa = PBXGroup;
			children = (
				5672C2596D098B838F49E23F /* Pods_LinKon2.framework */,
			);
			name = Frameworks;
			sourceTree = "<group>";
		};
		E25A0965C6C54F9A43E94E3F /* Pods */ = {
			isa = PBXGroup;
			children = (
				34854D82FC05D7210238F1A2 /* Pods-LinKon2.debug.xcconfig */,
				B2FCF458C240680730B1CF97 /* Pods-LinKon2.release.xcconfig */,
			);
			name = Pods;
			sourceTree = "<group>";
		};
/* End PBXGroup section */

/* Begin PBXNativeTarget section */
		11EBCA0B1F0250BE0040D7B2 /* LinKon2 */ = {
			isa = PBXNativeTarget;
			buildConfigurationList = 11EBCA231F0250BE0040D7B2 /* Build configuration list for PBXNativeTarget "LinKon2" */;
			buildPhases = (
				5AB4C3168F1E4264090A16A3 /* [CP] Check Pods Manifest.lock */,
				11EBCA081F0250BE0040D7B2 /* Sources */,
				11EBCA091F0250BE0040D7B2 /* Frameworks */,
				11EBCA0A1F0250BE0040D7B2 /* Resources */,
				71105A7E5BDFBEFD119BBA15 /* [CP] Embed Pods Frameworks */,
				53432B169CFB22684411F216 /* [CP] Copy Pods Resources */,
			);
			buildRules = (
			);
			dependencies = (
			);
			name = LinKon2;
			productName = LinKon2;
			productReference = 11EBCA0C1F0250BE0040D7B2 /* LinKon2.app */;
			productType = "com.apple.product-type.application";
		};
/* End PBXNativeTarget section */

/* Begin PBXProject section */
		11EBCA041F0250BE0040D7B2 /* Project object */ = {
			isa = PBXProject;
			attributes = {
				LastUpgradeCheck = 0830;
				ORGANIZATIONNAME = GalaxyWind;
				TargetAttributes = {
					11EBCA0B1F0250BE0040D7B2 = {
						CreatedOnToolsVersion = 8.3.1;
						DevelopmentTeam = ULP85HJC9V;
						ProvisioningStyle = Automatic;
					};
				};
			};
			buildConfigurationList = 11EBCA071F0250BE0040D7B2 /* Build configuration list for PBXProject "LinKon2" */;
			compatibilityVersion = "Xcode 3.2";
			developmentRegion = English;
			hasScannedForEncodings = 0;
			knownRegions = (
				en,
				Base,
			);
			mainGroup = 11EBCA031F0250BE0040D7B2;
			productRefGroup = 11EBCA0D1F0250BE0040D7B2 /* Products */;
			projectDirPath = "";
			projectRoot = "";
			targets = (
				11EBCA0B1F0250BE0040D7B2 /* LinKon2 */,
			);
		};
/* End PBXProject section */

/* Begin PBXResourcesBuildPhase section */
		11EBCA0A1F0250BE0040D7B2 /* Resources */ = {
			isa = PBXResourcesBuildPhase;
			buildActionMask = 2147483647;
			files = (
				11EBCA1C1F0250BE0040D7B2 /* Assets.xcassets in Resources */,
			);
			runOnlyForDeploymentPostprocessing = 0;
		};
/* End PBXResourcesBuildPhase section */

/* Begin PBXShellScriptBuildPhase section */
		53432B169CFB22684411F216 /* [CP] Copy Pods Resources */ = {
			isa = PBXShellScriptBuildPhase;
			buildActionMask = 2147483647;
			files = (
			);
			inputPaths = (
			);
			name = "[CP] Copy Pods Resources";
			outputPaths = (
			);
			runOnlyForDeploymentPostprocessing = 0;
			shellPath = /bin/sh;
			shellScript = "\"${SRCROOT}/Pods/Target Support Files/Pods-LinKon2/Pods-LinKon2-resources.sh\"\n";
			showEnvVarsInLog = 0;
		};
		5AB4C3168F1E4264090A16A3 /* [CP] Check Pods Manifest.lock */ = {
			isa = PBXShellScriptBuildPhase;
			buildActionMask = 2147483647;
			files = (
			);
			inputPaths = (
			);
			name = "[CP] Check Pods Manifest.lock";
			outputPaths = (
			);
			runOnlyForDeploymentPostprocessing = 0;
			shellPath = /bin/sh;
			shellScript = "diff \"${PODS_PODFILE_DIR_PATH}/Podfile.lock\" \"${PODS_ROOT}/Manifest.lock\" > /dev/null\nif [ $? != 0 ] ; then\n    # print error to STDERR\n    echo \"error: The sandbox is not in sync with the Podfile.lock. Run 'pod install' or update your CocoaPods installation.\" >&2\n    exit 1\nfi\n";
			showEnvVarsInLog = 0;
		};
		71105A7E5BDFBEFD119BBA15 /* [CP] Embed Pods Frameworks */ = {
			isa = PBXShellScriptBuildPhase;
			buildActionMask = 2147483647;
			files = (
			);
			inputPaths = (
			);
			name = "[CP] Embed Pods Frameworks";
			outputPaths = (
			);
			runOnlyForDeploymentPostprocessing = 0;
			shellPath = /bin/sh;
			shellScript = "\"${SRCROOT}/Pods/Target Support Files/Pods-LinKon2/Pods-LinKon2-frameworks.sh\"\n";
			showEnvVarsInLog = 0;
		};
/* End PBXShellScriptBuildPhase section */

/* Begin PBXSourcesBuildPhase section */
		11EBCA081F0250BE0040D7B2 /* Sources */ = {
			isa = PBXSourcesBuildPhase;
			buildActionMask = 2147483647;
			files = (
				11EBCA171F0250BE0040D7B2 /* ViewController.m in Sources */,
				11EBCA141F0250BE0040D7B2 /* AppDelegate.m in Sources */,
				11EBCA111F0250BE0040D7B2 /* main.m in Sources */,
			);
			runOnlyForDeploymentPostprocessing = 0;
		};
/* End PBXSourcesBuildPhase section */

/* Begin XCBuildConfiguration section */
		11EBCA211F0250BE0040D7B2 /* Debug */ = {
			isa = XCBuildConfiguration;
			buildSettings = {
				ALWAYS_SEARCH_USER_PATHS = NO;
				CLANG_ANALYZER_NONNULL = YES;
				CLANG_ANALYZER_NUMBER_OBJECT_CONVERSION = YES_AGGRESSIVE;
				CLANG_CXX_LANGUAGE_STANDARD = "gnu++0x";
				CLANG_CXX_LIBRARY = "libc++";
				CLANG_ENABLE_MODULES = YES;
				CLANG_ENABLE_OBJC_ARC = YES;
				CLANG_WARN_BOOL_CONVERSION = YES;
				CLANG_WARN_CONSTANT_CONVERSION = YES;
				CLANG_WARN_DIRECT_OBJC_ISA_USAGE = YES_ERROR;
				CLANG_WARN_DOCUMENTATION_COMMENTS = YES;
				CLANG_WARN_EMPTY_BODY = YES;
				CLANG_WARN_ENUM_CONVERSION = YES;
				CLANG_WARN_INFINITE_RECURSION = YES;
				CLANG_WARN_INT_CONVERSION = YES;
				CLANG_WARN_OBJC_ROOT_CLASS = YES_ERROR;
				CLANG_WARN_SUSPICIOUS_MOVE = YES;
				CLANG_WARN_UNREACHABLE_CODE = YES;
				CLANG_WARN__DUPLICATE_METHOD_MATCH = YES;
				"CODE_SIGN_IDENTITY[sdk=iphoneos*]" = "iPhone Developer";
				COPY_PHASE_STRIP = NO;
				DEBUG_INFORMATION_FORMAT = dwarf;
				ENABLE_STRICT_OBJC_MSGSEND = YES;
				ENABLE_TESTABILITY = YES;
				GCC_C_LANGUAGE_STANDARD = gnu99;
				GCC_DYNAMIC_NO_PIC = NO;
				GCC_NO_COMMON_BLOCKS = YES;
				GCC_OPTIMIZATION_LEVEL = 0;
				GCC_PREPROCESSOR_DEFINITIONS = (
					"DEBUG=1",
					"$(inherited)",
				);
				GCC_WARN_64_TO_32_BIT_CONVERSION = YES;
				GCC_WARN_ABOUT_RETURN_TYPE = YES_ERROR;
				GCC_WARN_UNDECLARED_SELECTOR = YES;
				GCC_WARN_UNINITIALIZED_AUTOS = YES_AGGRESSIVE;
				GCC_WARN_UNUSED_FUNCTION = YES;
				GCC_WARN_UNUSED_VARIABLE = YES;
				IPHONEOS_DEPLOYMENT_TARGET = 8.0;
				MTL_ENABLE_DEBUG_INFO = YES;
				ONLY_ACTIVE_ARCH = YES;
				SDKROOT = iphoneos;
			};
			name = Debug;
		};
		11EBCA221F0250BE0040D7B2 /* Release */ = {
			isa = XCBuildConfiguration;
			buildSettings = {
				ALWAYS_SEARCH_USER_PATHS = NO;
				CLANG_ANALYZER_NONNULL = YES;
				CLANG_ANALYZER_NUMBER_OBJECT_CONVERSION = YES_AGGRESSIVE;
				CLANG_CXX_LANGUAGE_STANDARD = "gnu++0x";
				CLANG_CXX_LIBRARY = "libc++";
				CLANG_ENABLE_MODULES = YES;
				CLANG_ENABLE_OBJC_ARC = YES;
				CLANG_WARN_BOOL_CONVERSION = YES;
				CLANG_WARN_CONSTANT_CONVERSION = YES;
				CLANG_WARN_DIRECT_OBJC_ISA_USAGE = YES_ERROR;
				CLANG_WARN_DOCUMENTATION_COMMENTS = YES;
				CLANG_WARN_EMPTY_BODY = YES;
				CLANG_WARN_ENUM_CONVERSION = YES;
				CLANG_WARN_INFINITE_RECURSION = YES;
				CLANG_WARN_INT_CONVERSION = YES;
				CLANG_WARN_OBJC_ROOT_CLASS = YES_ERROR;
				CLANG_WARN_SUSPICIOUS_MOVE = YES;
				CLANG_WARN_UNREACHABLE_CODE = YES;
				CLANG_WARN__DUPLICATE_METHOD_MATCH = YES;
				"CODE_SIGN_IDENTITY[sdk=iphoneos*]" = "iPhone Developer";
				COPY_PHASE_STRIP = NO;
				DEBUG_INFORMATION_FORMAT = "dwarf-with-dsym";
				ENABLE_NS_ASSERTIONS = NO;
				ENABLE_STRICT_OBJC_MSGSEND = YES;
				GCC_C_LANGUAGE_STANDARD = gnu99;
				GCC_NO_COMMON_BLOCKS = YES;
				GCC_WARN_64_TO_32_BIT_CONVERSION = YES;
				GCC_WARN_ABOUT_RETURN_TYPE = YES_ERROR;
				GCC_WARN_UNDECLARED_SELECTOR = YES;
				GCC_WARN_UNINITIALIZED_AUTOS = YES_AGGRESSIVE;
				GCC_WARN_UNUSED_FUNCTION = YES;
				GCC_WARN_UNUSED_VARIABLE = YES;
				IPHONEOS_DEPLOYMENT_TARGET = 8.0;
				MTL_ENABLE_DEBUG_INFO = NO;
				SDKROOT = iphoneos;
				VALIDATE_PRODUCT = YES;
			};
			name = Release;
		};
		11EBCA241F0250BE0040D7B2 /* Debug */ = {
			isa = XCBuildConfiguration;
			baseConfigurationReference = 34854D82FC05D7210238F1A2 /* Pods-LinKon2.debug.xcconfig */;
			buildSettings = {
				ASSETCATALOG_COMPILER_APPICON_NAME = AppIcon;
				DEVELOPMENT_TEAM = ULP85HJC9V;
				GCC_PRECOMPILE_PREFIX_HEADER = YES;
				GCC_PREFIX_HEADER = LinKon2/LinKon2_Prefix.pch;
				INFOPLIST_FILE = LinKon2/Info.plist;
				LD_RUNPATH_SEARCH_PATHS = "$(inherited) @executable_path/Frameworks";
				PRODUCT_BUNDLE_IDENTIFIER = com.galaxywind.LinKon2;
				PRODUCT_NAME = "$(TARGET_NAME)";
			};
			name = Debug;
		};
		11EBCA251F0250BE0040D7B2 /* Release */ = {
			isa = XCBuildConfiguration;
			baseConfigurationReference = B2FCF458C240680730B1CF97 /* Pods-LinKon2.release.xcconfig */;
			buildSettings = {
				ASSETCATALOG_COMPILER_APPICON_NAME = AppIcon;
				DEVELOPMENT_TEAM = ULP85HJC9V;
				GCC_PRECOMPILE_PREFIX_HEADER = YES;
				GCC_PREFIX_HEADER = LinKon2/LinKon2_Prefix.pch;
				INFOPLIST_FILE = LinKon2/Info.plist;
				LD_RUNPATH_SEARCH_PATHS = "$(inherited) @executable_path/Frameworks";
				PRODUCT_BUNDLE_IDENTIFIER = com.galaxywind.LinKon2;
				PRODUCT_NAME = "$(TARGET_NAME)";
			};
			name = Release;
		};
/* End XCBuildConfiguration section */

/* Begin XCConfigurationList section */
		11EBCA071F0250BE0040D7B2 /* Build configuration list for PBXProject "LinKon2" */ = {
			isa = XCConfigurationList;
			buildConfigurations = (
				11EBCA211F0250BE0040D7B2 /* Debug */,
				11EBCA221F0250BE0040D7B2 /* Release */,
			);
			defaultConfigurationIsVisible = 0;
			defaultConfigurationName = Release;
		};
		11EBCA231F0250BE0040D7B2 /* Build configuration list for PBXNativeTarget "LinKon2" */ = {
			isa = XCConfigurationList;
			buildConfigurations = (
				11EBCA241F0250BE0040D7B2 /* Debug */,
				11EBCA251F0250BE0040D7B2 /* Release */,
			);
			defaultConfigurationIsVisible = 0;
			defaultConfigurationName = Release;
		};
/* End XCConfigurationList section */
	};
	rootObject = 11EBCA041F0250BE0040D7B2 /* Project object */;
}
